# This file is autogenerated, do not edit; changes may be undone by the next 'dep ensure'.


[[projects]]
  digest = "1:a0e42838c2ae1494d1224fd00ebeef9159b76bb0e7e8297720192f3fe162aece"
  name = "github.com/alexflint/go-arg"
  packages = ["."]
  pruneopts = "UT"
  revision = "8baf7040d76473dd1d78c17b490d9d8cf6b1c584"
  version = "v1.1.0"

[[projects]]
  digest = "1:38d698f47024bd1358f279ae302feb5e1b7de647635b578ed1e681b259767118"
  name = "github.com/alexflint/go-scalar"
  packages = ["."]
  pruneopts = "UT"
  revision = "6638fbbc28f9ad0136ef5fd84a15c995e08e161f"
  version = "v1.0.0"

[solve-meta]
  analyzer-name = "dep"
  analyzer-version = 1
  input-imports = ["github.com/alexflint/go-arg"]
  solver-name = "gps-cdcl"
  solver-version = 1
